
Microsoft Visual Studio Solution File, Format Version 12.00
# Visual Studio Version 17
VisualStudioVersion = 17.3.32929.385
MinimumVisualStudioVersion = 10.0.40219.1
Project("{FAE04EC0-301F-11D3-BF4B-00C04F79EFBC}") = "DataStructureStackUC2", "DataStructureStackUC2\DataStructureStackUC2.csproj", "{86518E1F-D528-465B-9BF5-296B98C64FB7}"
EndProject
Global
	GlobalSection(SolutionConfigurationPlatforms) = preSolution
		Debug|Any CPU = Debug|Any CPU
		Release|Any CPU = Release|Any CPU
	EndGlobalSection
	GlobalSection(ProjectConfigurationPlatforms) = postSolution
		{86518E1F-D528-465B-9BF5-296B98C64FB7}.Debug|Any CPU.ActiveCfg = Debug|Any CPU
		{86518E1F-D528-465B-9BF5-296B98C64FB7}.Debug|Any CPU.Build.0 = Debug|Any CPU
		{86518E1F-D528-465B-9BF5-296B98C64FB7}.Release|Any CPU.ActiveCfg = Release|Any CPU
		{86518E1F-D528-465B-9BF5-296B98C64FB7}.Release|Any CPU.Build.0 = Release|Any CPU
	EndGlobalSection
	GlobalSection(SolutionProperties) = preSolution
		HideSolutionNode = FALSE
	EndGlobalSection
	GlobalSection(ExtensibilityGlobals) = postSolution
		SolutionGuid = {B1951B2D-FE76-45B3-B008-B3F63085AE0C}
	EndGlobalSection
EndGlobal
